
Microsoft Visual Studio Solution File, Format Version 12.00
# Visual Studio Version 17
VisualStudioVersion = 17.8.34330.188
MinimumVisualStudioVersion = 10.0.40219.1
Project("{FAE04EC0-301F-11D3-BF4B-00C04F79EFBC}") = "gRPCServer", "gRPCServer.csproj", "{CA210E07-E94E-43D9-B1B7-3666BC4F11E9}"
EndProject
Project("{FAE04EC0-301F-11D3-BF4B-00C04F79EFBC}") = "gRPC.Client", "..\gRPC.Client\gRPC.Client.csproj", "{A70D19A6-97C7-434A-B768-B09CA0F70695}"
EndProject
Global
	GlobalSection(SolutionConfigurationPlatforms) = preSolution
		Debug|Any CPU = Debug|Any CPU
		Release|Any CPU = Release|Any CPU
	EndGlobalSection
	GlobalSection(ProjectConfigurationPlatforms) = postSolution
		{CA210E07-E94E-43D9-B1B7-3666BC4F11E9}.Debug|Any CPU.ActiveCfg = Debug|Any CPU
		{CA210E07-E94E-43D9-B1B7-3666BC4F11E9}.Debug|Any CPU.Build.0 = Debug|Any CPU
		{CA210E07-E94E-43D9-B1B7-3666BC4F11E9}.Release|Any CPU.ActiveCfg = Release|Any CPU
		{CA210E07-E94E-43D9-B1B7-3666BC4F11E9}.Release|Any CPU.Build.0 = Release|Any CPU
		{A70D19A6-97C7-434A-B768-B09CA0F70695}.Debug|Any CPU.ActiveCfg = Debug|Any CPU
		{A70D19A6-97C7-434A-B768-B09CA0F70695}.Debug|Any CPU.Build.0 = Debug|Any CPU
		{A70D19A6-97C7-434A-B768-B09CA0F70695}.Release|Any CPU.ActiveCfg = Release|Any CPU
		{A70D19A6-97C7-434A-B768-B09CA0F70695}.Release|Any CPU.Build.0 = Release|Any CPU
	EndGlobalSection
	GlobalSection(SolutionProperties) = preSolution
		HideSolutionNode = FALSE
	EndGlobalSection
	GlobalSection(ExtensibilityGlobals) = postSolution
		SolutionGuid = {614117C2-A02B-4321-B7E2-62002FCF931D}
	EndGlobalSection
EndGlobal
